
Microsoft Visual Studio Solution File, Format Version 12.00
# Visual Studio 15
VisualStudioVersion = 15.0.26124.0
MinimumVisualStudioVersion = 15.0.26124.0
Project("{2150E333-8FDC-42A3-9474-1A3956D46DE8}") = "src", "src", "{F26BD749-BBBD-46EF-A6E1-4D271B306F67}"
EndProject
Project("{FAE04EC0-301F-11D3-BF4B-00C04F79EFBC}") = "final.App", "src\final.App\final.App.csproj", "{A5F57432-E0C3-43C2-90A7-896E9EEF183A}"
EndProject
Project("{FAE04EC0-301F-11D3-BF4B-00C04F79EFBC}") = "final.Core", "src\final.Core\final.Core.csproj", "{490CCD83-D259-47F9-ABA1-26E511D80BC6}"
EndProject
Project("{FAE04EC0-301F-11D3-BF4B-00C04F79EFBC}") = "final.Tests", "src\final.Tests\final.Tests.csproj", "{33215A1E-A6CD-4F2C-89E4-65AF1285AC7E}"
EndProject
Global
	GlobalSection(SolutionConfigurationPlatforms) = preSolution
		Debug|Any CPU = Debug|Any CPU
		Debug|x64 = Debug|x64
		Debug|x86 = Debug|x86
		Release|Any CPU = Release|Any CPU
		Release|x64 = Release|x64
		Release|x86 = Release|x86
	EndGlobalSection
	GlobalSection(SolutionProperties) = preSolution
		HideSolutionNode = FALSE
	EndGlobalSection
	GlobalSection(ProjectConfigurationPlatforms) = postSolution
		{A5F57432-E0C3-43C2-90A7-896E9EEF183A}.Debug|Any CPU.ActiveCfg = Debug|Any CPU
		{A5F57432-E0C3-43C2-90A7-896E9EEF183A}.Debug|Any CPU.Build.0 = Debug|Any CPU
		{A5F57432-E0C3-43C2-90A7-896E9EEF183A}.Debug|x64.ActiveCfg = Debug|Any CPU
		{A5F57432-E0C3-43C2-90A7-896E9EEF183A}.Debug|x64.Build.0 = Debug|Any CPU
		{A5F57432-E0C3-43C2-90A7-896E9EEF183A}.Debug|x86.ActiveCfg = Debug|Any CPU
		{A5F57432-E0C3-43C2-90A7-896E9EEF183A}.Debug|x86.Build.0 = Debug|Any CPU
		{A5F57432-E0C3-43C2-90A7-896E9EEF183A}.Release|Any CPU.ActiveCfg = Release|Any CPU
		{A5F57432-E0C3-43C2-90A7-896E9EEF183A}.Release|Any CPU.Build.0 = Release|Any CPU
		{A5F57432-E0C3-43C2-90A7-896E9EEF183A}.Release|x64.ActiveCfg = Release|Any CPU
		{A5F57432-E0C3-43C2-90A7-896E9EEF183A}.Release|x64.Build.0 = Release|Any CPU
		{A5F57432-E0C3-43C2-90A7-896E9EEF183A}.Release|x86.ActiveCfg = Release|Any CPU
		{A5F57432-E0C3-43C2-90A7-896E9EEF183A}.Release|x86.Build.0 = Release|Any CPU
		{490CCD83-D259-47F9-ABA1-26E511D80BC6}.Debug|Any CPU.ActiveCfg = Debug|Any CPU
		{490CCD83-D259-47F9-ABA1-26E511D80BC6}.Debug|Any CPU.Build.0 = Debug|Any CPU
		{490CCD83-D259-47F9-ABA1-26E511D80BC6}.Debug|x64.ActiveCfg = Debug|Any CPU
		{490CCD83-D259-47F9-ABA1-26E511D80BC6}.Debug|x64.Build.0 = Debug|Any CPU
		{490CCD83-D259-47F9-ABA1-26E511D80BC6}.Debug|x86.ActiveCfg = Debug|Any CPU
		{490CCD83-D259-47F9-ABA1-26E511D80BC6}.Debug|x86.Build.0 = Debug|Any CPU
		{490CCD83-D259-47F9-ABA1-26E511D80BC6}.Release|Any CPU.ActiveCfg = Release|Any CPU
		{490CCD83-D259-47F9-ABA1-26E511D80BC6}.Release|Any CPU.Build.0 = Release|Any CPU
		{490CCD83-D259-47F9-ABA1-26E511D80BC6}.Release|x64.ActiveCfg = Release|Any CPU
		{490CCD83-D259-47F9-ABA1-26E511D80BC6}.Release|x64.Build.0 = Release|Any CPU
		{490CCD83-D259-47F9-ABA1-26E511D80BC6}.Release|x86.ActiveCfg = Release|Any CPU
		{490CCD83-D259-47F9-ABA1-26E511D80BC6}.Release|x86.Build.0 = Release|Any CPU
		{33215A1E-A6CD-4F2C-89E4-65AF1285AC7E}.Debug|Any CPU.ActiveCfg = Debug|Any CPU
		{33215A1E-A6CD-4F2C-89E4-65AF1285AC7E}.Debug|Any CPU.Build.0 = Debug|Any CPU
		{33215A1E-A6CD-4F2C-89E4-65AF1285AC7E}.Debug|x64.ActiveCfg = Debug|Any CPU
		{33215A1E-A6CD-4F2C-89E4-65AF1285AC7E}.Debug|x64.Build.0 = Debug|Any CPU
		{33215A1E-A6CD-4F2C-89E4-65AF1285AC7E}.Debug|x86.ActiveCfg = Debug|Any CPU
		{33215A1E-A6CD-4F2C-89E4-65AF1285AC7E}.Debug|x86.Build.0 = Debug|Any CPU
		{33215A1E-A6CD-4F2C-89E4-65AF1285AC7E}.Release|Any CPU.ActiveCfg = Release|Any CPU
		{33215A1E-A6CD-4F2C-89E4-65AF1285AC7E}.Release|Any CPU.Build.0 = Release|Any CPU
		{33215A1E-A6CD-4F2C-89E4-65AF1285AC7E}.Release|x64.ActiveCfg = Release|Any CPU
		{33215A1E-A6CD-4F2C-89E4-65AF1285AC7E}.Release|x64.Build.0 = Release|Any CPU
		{33215A1E-A6CD-4F2C-89E4-65AF1285AC7E}.Release|x86.ActiveCfg = Release|Any CPU
		{33215A1E-A6CD-4F2C-89E4-65AF1285AC7E}.Release|x86.Build.0 = Release|Any CPU
	EndGlobalSection
	GlobalSection(NestedProjects) = preSolution
		{A5F57432-E0C3-43C2-90A7-896E9EEF183A} = {F26BD749-BBBD-46EF-A6E1-4D271B306F67}
		{490CCD83-D259-47F9-ABA1-26E511D80BC6} = {F26BD749-BBBD-46EF-A6E1-4D271B306F67}
		{33215A1E-A6CD-4F2C-89E4-65AF1285AC7E} = {F26BD749-BBBD-46EF-A6E1-4D271B306F67}
	EndGlobalSection
EndGlobal
